
Microsoft Visual Studio Solution File, Format Version 12.00
# Visual Studio 2013
VisualStudioVersion = 12.0.31101.0
MinimumVisualStudioVersion = 10.0.40219.1
Project("{8BC9CEB8-8B4A-11D0-8D11-00A0C91BC942}") = "JuceDemoWithCuda", "JuceDemoWithCuda\JuceDemoWithCuda.vcxproj", "{AD0595DD-8B69-4F25-9E3A-873E96E9D4F6}"
EndProject
Global
	GlobalSection(SolutionConfigurationPlatforms) = preSolution
		Debug|Win32 = Debug|Win32
		Debug|x64 = Debug|x64
		Release|Win32 = Release|Win32
		Release|x64 = Release|x64
		Standalone-Debug|Win32 = Standalone-Debug|Win32
		Standalone-Debug|x64 = Standalone-Debug|x64
	EndGlobalSection
	GlobalSection(ProjectConfigurationPlatforms) = postSolution
		{AD0595DD-8B69-4F25-9E3A-873E96E9D4F6}.Debug|Win32.ActiveCfg = Debug|Win32
		{AD0595DD-8B69-4F25-9E3A-873E96E9D4F6}.Debug|Win32.Build.0 = Debug|Win32
		{AD0595DD-8B69-4F25-9E3A-873E96E9D4F6}.Debug|x64.ActiveCfg = Debug|x64
		{AD0595DD-8B69-4F25-9E3A-873E96E9D4F6}.Debug|x64.Build.0 = Debug|x64
		{AD0595DD-8B69-4F25-9E3A-873E96E9D4F6}.Release|Win32.ActiveCfg = Release|Win32
		{AD0595DD-8B69-4F25-9E3A-873E96E9D4F6}.Release|Win32.Build.0 = Release|Win32
		{AD0595DD-8B69-4F25-9E3A-873E96E9D4F6}.Release|x64.ActiveCfg = Release|x64
		{AD0595DD-8B69-4F25-9E3A-873E96E9D4F6}.Release|x64.Build.0 = Release|x64
		{AD0595DD-8B69-4F25-9E3A-873E96E9D4F6}.Standalone-Debug|Win32.ActiveCfg = Standalone-Debug|Win32
		{AD0595DD-8B69-4F25-9E3A-873E96E9D4F6}.Standalone-Debug|Win32.Build.0 = Standalone-Debug|Win32
		{AD0595DD-8B69-4F25-9E3A-873E96E9D4F6}.Standalone-Debug|x64.ActiveCfg = Standalone-Debug|x64
		{AD0595DD-8B69-4F25-9E3A-873E96E9D4F6}.Standalone-Debug|x64.Build.0 = Standalone-Debug|x64
	EndGlobalSection
	GlobalSection(SolutionProperties) = preSolution
		HideSolutionNode = FALSE
	EndGlobalSection
EndGlobal
